{
  "version": "5",
  "specifiers": {
    "npm:gsap@^3.14.2": "3.14.2",
    "npm:pixi.js@^8.15.0": "8.15.0"
  },
  "npm": {
    "@pixi/colord@2.9.6": {
      "integrity": "sha512-nezytU2pw587fQstUu1AsJZDVEynjskwOL+kibwcdxsMBFqPsFFNA7xl0ii/gXuDi6M0xj3mfRJj8pBSc2jCfA=="
    },
    "@types/css-font-loading-module@0.0.12": {
      "integrity": "sha512-x2tZZYkSxXqWvTDgveSynfjq/T2HyiZHXb00j/+gy19yp70PHCizM48XFdjBCWH7eHBD0R5i/pw9yMBP/BH5uA=="
    },
    "@types/earcut@3.0.0": {
      "integrity": "sha512-k/9fOUGO39yd2sCjrbAJvGDEQvRwRnQIZlBz43roGwUZo5SHAmyVvSFyaVVZkicRVCaDXPKlbxrUcBuJoSWunQ=="
    },
    "@webgpu/types@0.1.69": {
      "integrity": "sha512-RPmm6kgRbI8e98zSD3RVACvnuktIja5+yLgDAkTmxLr90BEwdTXRQWNLF3ETTTyH/8mKhznZuN5AveXYFEsMGQ=="
    },
    "@xmldom/xmldom@0.8.11": {
      "integrity": "sha512-cQzWCtO6C8TQiYl1ruKNn2U6Ao4o4WBBcbL61yJl84x+j5sOWWFU9X7DpND8XZG3daDppSsigMdfAIl2upQBRw=="
    },
    "earcut@3.0.2": {
      "integrity": "sha512-X7hshQbLyMJ/3RPhyObLARM2sNxxmRALLKx1+NVFFnQ9gKzmCrxm9+uLIAdBcvc8FNLpctqlQ2V6AE92Ol9UDQ=="
    },
    "eventemitter3@5.0.4": {
      "integrity": "sha512-mlsTRyGaPBjPedk6Bvw+aqbsXDtoAyAzm5MO7JgU+yVRyMQ5O8bD4Kcci7BS85f93veegeCPkL8R4GLClnjLFw=="
    },
    "gifuct-js@2.1.2": {
      "integrity": "sha512-rI2asw77u0mGgwhV3qA+OEgYqaDn5UNqgs+Bx0FGwSpuqfYn+Ir6RQY5ENNQ8SbIiG/m5gVa7CD5RriO4f4Lsg==",
      "dependencies": [
        "js-binary-schema-parser"
      ]
    },
    "gsap@3.14.2": {
      "integrity": "sha512-P8/mMxVLU7o4+55+1TCnQrPmgjPKnwkzkXOK1asnR9Jg2lna4tEY5qBJjMmAaOBDDZWtlRjBXjLa0w53G/uBLA=="
    },
    "ismobilejs@1.1.1": {
      "integrity": "sha512-VaFW53yt8QO61k2WJui0dHf4SlL8lxBofUuUmwBo0ljPk0Drz2TiuDW4jo3wDcv41qy/SxrJ+VAzJ/qYqsmzRw=="
    },
    "js-binary-schema-parser@2.0.3": {
      "integrity": "sha512-xezGJmOb4lk/M1ZZLTR/jaBHQ4gG/lqQnJqdIv4721DMggsa1bDVlHXNeHYogaIEHD9vCRv0fcL4hMA+Coarkg=="
    },
    "parse-svg-path@0.1.2": {
      "integrity": "sha512-JyPSBnkTJ0AI8GGJLfMXvKq42cj5c006fnLz6fXy6zfoVjJizi8BNTpu8on8ziI1cKy9d9DGNuY17Ce7wuejpQ=="
    },
    "pixi.js@8.15.0": {
      "integrity": "sha512-J/Ghze/K9fjHRlfwC2EMZ7vnMIhGo4ByKCsKMcS0AB12iT79nf9zzWKUTzMJ8QAQFqQfDOl5ULwmHMUdeih2zQ==",
      "dependencies": [
        "@pixi/colord",
        "@types/css-font-loading-module",
        "@types/earcut",
        "@webgpu/types",
        "@xmldom/xmldom",
        "earcut",
        "eventemitter3",
        "gifuct-js",
        "ismobilejs",
        "parse-svg-path",
        "tiny-lru"
      ]
    },
    "tiny-lru@11.4.7": {
      "integrity": "sha512-w/Te7uMUVeH0CR8vZIjr+XiN41V+30lkDdK+NRIDCUYKKuL9VcmaUEmaPISuwGhLlrTGh5yu18lENtR9axSxYw=="
    }
  },
  "workspace": {
    "dependencies": [
      "npm:gsap@^3.14.2",
      "npm:pixi.js@^8.15.0"
    ]
  }
}
